
Microsoft Visual Studio Solution File, Format Version 12.00
# Visual Studio 15
VisualStudioVersion = 15.0.26403.0
MinimumVisualStudioVersion = 10.0.40219.1
Project("{2150E333-8FDC-42A3-9474-1A3956D46DE8}") = "src", "src", "{B4107961-75E9-4D39-8AFF-6BAD548CFED7}"
EndProject
Project("{FAE04EC0-301F-11D3-BF4B-00C04F79EFBC}") = "Tinct.Common", "src\Tinct.Common\Tinct.Common.csproj", "{DFD232E0-BEF9-4ED0-8B57-651F9DD06A0F}"
EndProject
Project("{FAE04EC0-301F-11D3-BF4B-00C04F79EFBC}") = "Tinct.Net.Communication", "src\Tinct.Net.Communication\Tinct.Net.Communication.csproj", "{BE64FE3D-47E6-407B-A443-3E23C3B91EFB}"
EndProject
Project("{FAE04EC0-301F-11D3-BF4B-00C04F79EFBC}") = "Tinct.Net.Message", "src\Tinct.Net.Message\Tinct.Net.Message.csproj", "{8D89EA73-D087-4D18-B325-43E1F709704D}"
EndProject
Project("{FAE04EC0-301F-11D3-BF4B-00C04F79EFBC}") = "Tinct.TinctTaskMangement", "src\Tinct.TinctTaskMangement\Tinct.TinctTaskMangement.csproj", "{771782BF-835B-4D6F-A163-99AB82A9C511}"
EndProject
Project("{2150E333-8FDC-42A3-9474-1A3956D46DE8}") = "test", "test", "{0FC6439E-C96D-4E2F-A150-4EC901E0DBAD}"
EndProject
Project("{FAE04EC0-301F-11D3-BF4B-00C04F79EFBC}") = "Tinct.TInctTaskMangement.UnitTest", "test\Tinct.TinctTaskMangement.UnitTest\Tinct.TInctTaskMangement.UnitTest.csproj", "{A2013293-59AC-48AF-88FB-B0F69F281F44}"
EndProject
Project("{FAE04EC0-301F-11D3-BF4B-00C04F79EFBC}") = "Tinct.Net.Communication.UnitTest", "test\Tinct.Net.Communication.UnitTest\Tinct.Net.Communication.UnitTest.csproj", "{CFF98542-ED9C-49AF-BA4E-D4E89E8A1A03}"
EndProject
Project("{FAE04EC0-301F-11D3-BF4B-00C04F79EFBC}") = "Tinct.PlatformController", "test\Tinct.PlatformInvoke\Tinct.PlatformController.csproj", "{BDD08F71-475C-4C29-80E9-C96DA7DBEFAB}"
EndProject
Global
	GlobalSection(SolutionConfigurationPlatforms) = preSolution
		Debug|Any CPU = Debug|Any CPU
		Release|Any CPU = Release|Any CPU
	EndGlobalSection
	GlobalSection(ProjectConfigurationPlatforms) = postSolution
		{DFD232E0-BEF9-4ED0-8B57-651F9DD06A0F}.Debug|Any CPU.ActiveCfg = Debug|Any CPU
		{DFD232E0-BEF9-4ED0-8B57-651F9DD06A0F}.Debug|Any CPU.Build.0 = Debug|Any CPU
		{DFD232E0-BEF9-4ED0-8B57-651F9DD06A0F}.Release|Any CPU.ActiveCfg = Release|Any CPU
		{DFD232E0-BEF9-4ED0-8B57-651F9DD06A0F}.Release|Any CPU.Build.0 = Release|Any CPU
		{BE64FE3D-47E6-407B-A443-3E23C3B91EFB}.Debug|Any CPU.ActiveCfg = Debug|Any CPU
		{BE64FE3D-47E6-407B-A443-3E23C3B91EFB}.Debug|Any CPU.Build.0 = Debug|Any CPU
		{BE64FE3D-47E6-407B-A443-3E23C3B91EFB}.Release|Any CPU.ActiveCfg = Release|Any CPU
		{BE64FE3D-47E6-407B-A443-3E23C3B91EFB}.Release|Any CPU.Build.0 = Release|Any CPU
		{8D89EA73-D087-4D18-B325-43E1F709704D}.Debug|Any CPU.ActiveCfg = Debug|Any CPU
		{8D89EA73-D087-4D18-B325-43E1F709704D}.Debug|Any CPU.Build.0 = Debug|Any CPU
		{8D89EA73-D087-4D18-B325-43E1F709704D}.Release|Any CPU.ActiveCfg = Release|Any CPU
		{8D89EA73-D087-4D18-B325-43E1F709704D}.Release|Any CPU.Build.0 = Release|Any CPU
		{771782BF-835B-4D6F-A163-99AB82A9C511}.Debug|Any CPU.ActiveCfg = Debug|Any CPU
		{771782BF-835B-4D6F-A163-99AB82A9C511}.Debug|Any CPU.Build.0 = Debug|Any CPU
		{771782BF-835B-4D6F-A163-99AB82A9C511}.Release|Any CPU.ActiveCfg = Release|Any CPU
		{771782BF-835B-4D6F-A163-99AB82A9C511}.Release|Any CPU.Build.0 = Release|Any CPU
		{A2013293-59AC-48AF-88FB-B0F69F281F44}.Debug|Any CPU.ActiveCfg = Debug|Any CPU
		{A2013293-59AC-48AF-88FB-B0F69F281F44}.Debug|Any CPU.Build.0 = Debug|Any CPU
		{A2013293-59AC-48AF-88FB-B0F69F281F44}.Release|Any CPU.ActiveCfg = Release|Any CPU
		{A2013293-59AC-48AF-88FB-B0F69F281F44}.Release|Any CPU.Build.0 = Release|Any CPU
		{CFF98542-ED9C-49AF-BA4E-D4E89E8A1A03}.Debug|Any CPU.ActiveCfg = Debug|Any CPU
		{CFF98542-ED9C-49AF-BA4E-D4E89E8A1A03}.Debug|Any CPU.Build.0 = Debug|Any CPU
		{CFF98542-ED9C-49AF-BA4E-D4E89E8A1A03}.Release|Any CPU.ActiveCfg = Release|Any CPU
		{CFF98542-ED9C-49AF-BA4E-D4E89E8A1A03}.Release|Any CPU.Build.0 = Release|Any CPU
		{BDD08F71-475C-4C29-80E9-C96DA7DBEFAB}.Debug|Any CPU.ActiveCfg = Debug|Any CPU
		{BDD08F71-475C-4C29-80E9-C96DA7DBEFAB}.Debug|Any CPU.Build.0 = Debug|Any CPU
		{BDD08F71-475C-4C29-80E9-C96DA7DBEFAB}.Release|Any CPU.ActiveCfg = Release|Any CPU
		{BDD08F71-475C-4C29-80E9-C96DA7DBEFAB}.Release|Any CPU.Build.0 = Release|Any CPU
	EndGlobalSection
	GlobalSection(SolutionProperties) = preSolution
		HideSolutionNode = FALSE
	EndGlobalSection
	GlobalSection(NestedProjects) = preSolution
		{DFD232E0-BEF9-4ED0-8B57-651F9DD06A0F} = {B4107961-75E9-4D39-8AFF-6BAD548CFED7}
		{BE64FE3D-47E6-407B-A443-3E23C3B91EFB} = {B4107961-75E9-4D39-8AFF-6BAD548CFED7}
		{8D89EA73-D087-4D18-B325-43E1F709704D} = {B4107961-75E9-4D39-8AFF-6BAD548CFED7}
		{771782BF-835B-4D6F-A163-99AB82A9C511} = {B4107961-75E9-4D39-8AFF-6BAD548CFED7}
		{A2013293-59AC-48AF-88FB-B0F69F281F44} = {0FC6439E-C96D-4E2F-A150-4EC901E0DBAD}
		{CFF98542-ED9C-49AF-BA4E-D4E89E8A1A03} = {0FC6439E-C96D-4E2F-A150-4EC901E0DBAD}
		{BDD08F71-475C-4C29-80E9-C96DA7DBEFAB} = {0FC6439E-C96D-4E2F-A150-4EC901E0DBAD}
	EndGlobalSection
EndGlobal
